<?xml version="1.0" encoding="utf-8"?>
<Project ToolsVersion="4.0" xmlns="http://schemas.microsoft.com/developer/msbuild/2003">
  <ItemGroup>
    <Filter Include="Source Files">
      <UniqueIdentifier>{4FC737F1-C7A5-4376-A066-2A32D752A2FF}</UniqueIdentifier>
      <Extensions>cpp;c;cc;cxx;def;odl;idl;hpj;bat;asm;asmx</Extensions>
    </Filter>
    <Filter Include="Header Files">
      <UniqueIdentifier>{93995380-89BD-4b04-88EB-625FBE52EBFB}</UniqueIdentifier>
      <Extensions>h;hh;hpp;hxx;hm;inl;inc;ipp;xsd</Extensions>
    </Filter>
    <Filter Include="Resource Files">
      <UniqueIdentifier>{67DA6AB6-F800-4c08-8B7A-83BB121AAD01}</UniqueIdentifier>
      <Extensions>rc;ico;cur;bmp;dlg;rc2;rct;bin;rgs;gif;jpg;jpeg;jpe;resx;tiff;tif;png;wav;mfcribbon-ms</Extensions>
    </Filter>
    <Filter Include="Header Files\type">
      <UniqueIdentifier>{33c33fbd-3b86-44c9-9e9d-8c120bd1374c}</UniqueIdentifier>
    </Filter>
    <Filter Include="Header Files\type\graphics">
      <UniqueIdentifier>{b49f8759-a6fa-438d-a675-86398b68c549}</UniqueIdentifier>
    </Filter>
    <Filter Include="Header Files\type\graphics\hitable">
      <UniqueIdentifier>{583f120d-fce4-4052-a367-9239c2d819e6}</UniqueIdentifier>
    </Filter>
    <Filter Include="Source Files\type">
      <UniqueIdentifier>{6ecc3781-6fe2-4c93-9897-f28391de4870}</UniqueIdentifier>
    </Filter>
    <Filter Include="Source Files\type\graphics">
      <UniqueIdentifier>{0bdf2867-678e-4e12-83f6-4d1d0c0742e4}</UniqueIdentifier>
    </Filter>
    <Filter Include="Source Files\type\graphics\hitable">
      <UniqueIdentifier>{8ebbbc4a-3f9e-4481-92d5-4b8a2c86ae53}</UniqueIdentifier>
    </Filter>
    <Filter Include="Header Files\type\graphics\material">
      <UniqueIdentifier>{dda19309-f915-4d5b-8d44-568b6ac9c018}</UniqueIdentifier>
    </Filter>
    <Filter Include="Source Files\type\graphics\material">
      <UniqueIdentifier>{e1a92f69-52ea-4aa4-807e-7bf22885deba}</UniqueIdentifier>
    </Filter>
    <Filter Include="Header Files\type\graphics\aabb">
      <UniqueIdentifier>{50e8191f-d5c5-46d4-baf9-05e74ef5b54d}</UniqueIdentifier>
    </Filter>
    <Filter Include="Source Files\type\graphics\aabb">
      <UniqueIdentifier>{a60fb24a-0ac8-4559-bce8-fe541132e06d}</UniqueIdentifier>
    </Filter>
    <Filter Include="Header Files\type\graphics\hitable\hitableobject">
      <UniqueIdentifier>{24d78bd1-0c2c-43ca-8bb0-db1840db5319}</UniqueIdentifier>
    </Filter>
    <Filter Include="Source Files\type\graphics\hitable\hitableobject">
      <UniqueIdentifier>{cd265a03-08e5-46cd-9167-9afbb86ea738}</UniqueIdentifier>
    </Filter>
  </ItemGroup>
  <ItemGroup>
    <ClInclude Include="..\..\include\type\graphics\Camera.h">
      <Filter>Header Files\type\graphics</Filter>
    </ClInclude>
    <ClInclude Include="..\..\include\type\graphics\Ray.h">
      <Filter>Header Files\type\graphics</Filter>
    </ClInclude>
    <ClInclude Include="..\..\include\type\graphics\hitable\Hitable.h">
      <Filter>Header Files\type\graphics\hitable</Filter>
    </ClInclude>
    <ClInclude Include="..\..\include\type\graphics\hitable\HitableList.h">
      <Filter>Header Files\type\graphics\hitable</Filter>
    </ClInclude>
    <ClInclude Include="..\..\include\type\graphics\material\Dielectric.h">
      <Filter>Header Files\type\graphics\material</Filter>
    </ClInclude>
    <ClInclude Include="..\..\include\type\graphics\material\Lambertian.h">
      <Filter>Header Files\type\graphics\material</Filter>
    </ClInclude>
    <ClInclude Include="..\..\include\type\graphics\material\Material.h">
      <Filter>Header Files\type\graphics\material</Filter>
    </ClInclude>
    <ClInclude Include="..\..\include\type\graphics\material\Metal.h">
      <Filter>Header Files\type\graphics\material</Filter>
    </ClInclude>
    <ClInclude Include="..\..\include\type\graphics\aabb\AABB.h">
      <Filter>Header Files\type\graphics\aabb</Filter>
    </ClInclude>
    <ClInclude Include="..\..\include\type\graphics\hitable\BVHNode.h">
      <Filter>Header Files\type\graphics\hitable</Filter>
    </ClInclude>
    <ClInclude Include="..\..\include\type\graphics\Renderer.h">
      <Filter>Header Files\type\graphics</Filter>
    </ClInclude>
    <ClInclude Include="..\..\include\type\graphics\hitable\hitableobject\HitableObject.h">
      <Filter>Header Files\type\graphics\hitable\hitableobject</Filter>
    </ClInclude>
    <ClInclude Include="..\..\include\type\graphics\hitable\hitableobject\Sphere.h">
      <Filter>Header Files\type\graphics\hitable\hitableobject</Filter>
    </ClInclude>
  </ItemGroup>
  <ItemGroup>
    <ClCompile Include="..\..\source\type\graphics\hitable\HitableList.cpp">
      <Filter>Source Files\type\graphics\hitable</Filter>
    </ClCompile>
    <ClCompile Include="..\..\source\type\graphics\material\Dielectric.cpp">
      <Filter>Source Files\type\graphics\material</Filter>
    </ClCompile>
    <ClCompile Include="..\..\source\type\graphics\material\Lambertian.cpp">
      <Filter>Source Files\type\graphics\material</Filter>
    </ClCompile>
    <ClCompile Include="..\..\source\type\graphics\material\Metal.cpp">
      <Filter>Source Files\type\graphics\material</Filter>
    </ClCompile>
    <ClCompile Include="..\..\source\type\graphics\Camera.cpp">
      <Filter>Source Files\type\graphics</Filter>
    </ClCompile>
    <ClCompile Include="..\..\source\type\graphics\aabb\AABB.cpp">
      <Filter>Source Files\type\graphics\aabb</Filter>
    </ClCompile>
    <ClCompile Include="..\..\source\type\graphics\hitable\BVHNode.cpp">
      <Filter>Source Files\type\graphics\hitable</Filter>
    </ClCompile>
    <ClCompile Include="..\..\source\type\graphics\hitable\hitableobject\Sphere.cpp">
      <Filter>Source Files\type\graphics\hitable\hitableobject</Filter>
    </ClCompile>
  </ItemGroup>
</Project>